
Microsoft Visual Studio Solution File, Format Version 12.00
# Visual Studio Version 16
VisualStudioVersion = 16.0.30204.135
MinimumVisualStudioVersion = 10.0.40219.1
Project("{FAE04EC0-301F-11D3-BF4B-00C04F79EFBC}") = "BUS", "BUS\BUS.csproj", "{69FD90B5-08EA-41A5-9476-E245B91BD78A}"
EndProject
Project("{FAE04EC0-301F-11D3-BF4B-00C04F79EFBC}") = "DAL", "DAL\DAL.csproj", "{2CF1735D-BB47-4AFA-9E28-A49665A094F3}"
EndProject
Project("{FAE04EC0-301F-11D3-BF4B-00C04F79EFBC}") = "GUI", "GUI\GUI.csproj", "{072DAD47-93A3-415B-8156-14743B71572D}"
EndProject
Project("{2150E333-8FDC-42A3-9474-1A3956D46DE8}") = "Solution Items", "Solution Items", "{DD82468F-15BC-41F2-B7D8-A400D7D123B1}"
	ProjectSection(SolutionItems) = preProject
		README.md = README.md
	EndProjectSection
EndProject
Global
	GlobalSection(SolutionConfigurationPlatforms) = preSolution
		Debug|Any CPU = Debug|Any CPU
		Release|Any CPU = Release|Any CPU
	EndGlobalSection
	GlobalSection(ProjectConfigurationPlatforms) = postSolution
		{69FD90B5-08EA-41A5-9476-E245B91BD78A}.Debug|Any CPU.ActiveCfg = Debug|Any CPU
		{69FD90B5-08EA-41A5-9476-E245B91BD78A}.Debug|Any CPU.Build.0 = Debug|Any CPU
		{69FD90B5-08EA-41A5-9476-E245B91BD78A}.Release|Any CPU.ActiveCfg = Release|Any CPU
		{69FD90B5-08EA-41A5-9476-E245B91BD78A}.Release|Any CPU.Build.0 = Release|Any CPU
		{2CF1735D-BB47-4AFA-9E28-A49665A094F3}.Debug|Any CPU.ActiveCfg = Debug|Any CPU
		{2CF1735D-BB47-4AFA-9E28-A49665A094F3}.Debug|Any CPU.Build.0 = Debug|Any CPU
		{2CF1735D-BB47-4AFA-9E28-A49665A094F3}.Release|Any CPU.ActiveCfg = Release|Any CPU
		{2CF1735D-BB47-4AFA-9E28-A49665A094F3}.Release|Any CPU.Build.0 = Release|Any CPU
		{072DAD47-93A3-415B-8156-14743B71572D}.Debug|Any CPU.ActiveCfg = Debug|Any CPU
		{072DAD47-93A3-415B-8156-14743B71572D}.Debug|Any CPU.Build.0 = Debug|Any CPU
		{072DAD47-93A3-415B-8156-14743B71572D}.Release|Any CPU.ActiveCfg = Release|Any CPU
		{072DAD47-93A3-415B-8156-14743B71572D}.Release|Any CPU.Build.0 = Release|Any CPU
	EndGlobalSection
	GlobalSection(SolutionProperties) = preSolution
		HideSolutionNode = FALSE
	EndGlobalSection
	GlobalSection(ExtensibilityGlobals) = postSolution
		SolutionGuid = {8ABBC8FB-DA12-4C08-BD12-6C61383BCD6F}
	EndGlobalSection
EndGlobal
